
Microsoft Visual Studio Solution File, Format Version 12.00
# Visual Studio Version 16
VisualStudioVersion = 16.0.30907.101
MinimumVisualStudioVersion = 10.0.40219.1
Project("{FAE04EC0-301F-11D3-BF4B-00C04F79EFBC}") = "git e Git", "git e Git\git e Git.csproj", "{255053DF-A6F5-470A-A68C-BBDC34A76678}"
EndProject
Global
	GlobalSection(SolutionConfigurationPlatforms) = preSolution
		Debug|Any CPU = Debug|Any CPU
		Release|Any CPU = Release|Any CPU
	EndGlobalSection
	GlobalSection(ProjectConfigurationPlatforms) = postSolution
		{255053DF-A6F5-470A-A68C-BBDC34A76678}.Debug|Any CPU.ActiveCfg = Debug|Any CPU
		{255053DF-A6F5-470A-A68C-BBDC34A76678}.Debug|Any CPU.Build.0 = Debug|Any CPU
		{255053DF-A6F5-470A-A68C-BBDC34A76678}.Release|Any CPU.ActiveCfg = Release|Any CPU
		{255053DF-A6F5-470A-A68C-BBDC34A76678}.Release|Any CPU.Build.0 = Release|Any CPU
	EndGlobalSection
	GlobalSection(SolutionProperties) = preSolution
		HideSolutionNode = FALSE
	EndGlobalSection
	GlobalSection(ExtensibilityGlobals) = postSolution
		SolutionGuid = {5AF027AF-8345-4B5E-A911-CE89AB6215E6}
	EndGlobalSection
EndGlobal
